
Microsoft Visual Studio Solution File, Format Version 12.00
# Visual Studio Version 17
VisualStudioVersion = 17.6.33815.320
MinimumVisualStudioVersion = 10.0.40219.1
Project("{FAE04EC0-301F-11D3-BF4B-00C04F79EFBC}") = "snakeWF", "snakeWF\snakeWF.csproj", "{341FC253-1485-4B93-95CD-C5807C8E71EB}"
EndProject
Global
	GlobalSection(SolutionConfigurationPlatforms) = preSolution
		Debug|Any CPU = Debug|Any CPU
		Release|Any CPU = Release|Any CPU
	EndGlobalSection
	GlobalSection(ProjectConfigurationPlatforms) = postSolution
		{341FC253-1485-4B93-95CD-C5807C8E71EB}.Debug|Any CPU.ActiveCfg = Debug|Any CPU
		{341FC253-1485-4B93-95CD-C5807C8E71EB}.Debug|Any CPU.Build.0 = Debug|Any CPU
		{341FC253-1485-4B93-95CD-C5807C8E71EB}.Release|Any CPU.ActiveCfg = Release|Any CPU
		{341FC253-1485-4B93-95CD-C5807C8E71EB}.Release|Any CPU.Build.0 = Release|Any CPU
	EndGlobalSection
	GlobalSection(SolutionProperties) = preSolution
		HideSolutionNode = FALSE
	EndGlobalSection
	GlobalSection(ExtensibilityGlobals) = postSolution
		SolutionGuid = {9E21709D-48D5-44E6-AF98-ED04D8819D11}
	EndGlobalSection
EndGlobal
